// !$*UTF8*$!
{
	archiveVersion = 1;
	classes = {
	};
	objectVersion = 46;
	objects = {

/* Begin PBXBuildFile section */
		85A54D66164D31A30038BCB6 /* UIKit.framework in Frameworks */ = {isa = PBXBuildFile; fileRef = 85A54D65164D31A30038BCB6 /* UIKit.framework */; };
		85A54D68164D31A30038BCB6 /* Foundation.framework in Frameworks */ = {isa = PBXBuildFile; fileRef = 85A54D67164D31A30038BCB6 /* Foundation.framework */; };
		85A54D6A164D31A30038BCB6 /* CoreGraphics.framework in Frameworks */ = {isa = PBXBuildFile; fileRef = 85A54D69164D31A30038BCB6 /* CoreGraphics.framework */; };
		85A54D70164D31A30038BCB6 /* InfoPlist.strings in Resources */ = {isa = PBXBuildFile; fileRef = 85A54D6E164D31A30038BCB6 /* InfoPlist.strings */; };
		85A54D72164D31A30038BCB6 /* main.m in Sources */ = {isa = PBXBuildFile; fileRef = 85A54D71164D31A30038BCB6 /* main.m */; };
		85A54D76164D31A30038BCB6 /* MBAppDelegate.m in Sources */ = {isa = PBXBuildFile; fileRef = 85A54D75164D31A30038BCB6 /* MBAppDelegate.m */; };
		85A54D78164D31A30038BCB6 /* Default.png in Resources */ = {isa = PBXBuildFile; fileRef = 85A54D77164D31A30038BCB6 /* Default.png */; };
		85A54D7A164D31A30038BCB6 /* Default@2x.png in Resources */ = {isa = PBXBuildFile; fileRef = 85A54D79164D31A30038BCB6 /* Default@2x.png */; };
		85A54D7C164D31A30038BCB6 /* Default-568h@2x.png in Resources */ = {isa = PBXBuildFile; fileRef = 85A54D7B164D31A30038BCB6 /* Default-568h@2x.png */; };
		85A54D7F164D31A30038BCB6 /* MBViewController.m in Sources */ = {isa = PBXBuildFile; fileRef = 85A54D7E164D31A30038BCB6 /* MBViewController.m */; };
		85A54D82164D31A30038BCB6 /* MBViewController.xib in Resources */ = {isa = PBXBuildFile; fileRef = 85A54D80164D31A30038BCB6 /* MBViewController.xib */; };
		85A55142164D34520038BCB6 /* de-ch.yml in Resources */ = {isa = PBXBuildFile; fileRef = 85A550B4164D34520038BCB6 /* de-ch.yml */; };
		85A55143164D34520038BCB6 /* de.yml in Resources */ = {isa = PBXBuildFile; fileRef = 85A550B5164D34520038BCB6 /* de.yml */; };
		85A55144164D34520038BCB6 /* en-au.yml in Resources */ = {isa = PBXBuildFile; fileRef = 85A550B6164D34520038BCB6 /* en-au.yml */; };
		85A55145164D34520038BCB6 /* en-bork.yml in Resources */ = {isa = PBXBuildFile; fileRef = 85A550B7164D34520038BCB6 /* en-bork.yml */; };
		85A55146164D34520038BCB6 /* en-ca.yml in Resources */ = {isa = PBXBuildFile; fileRef = 85A550B8164D34520038BCB6 /* en-ca.yml */; };
		85A55147164D34520038BCB6 /* en-gb.yml in Resources */ = {isa = PBXBuildFile; fileRef = 85A550B9164D34520038BCB6 /* en-gb.yml */; };
		85A55148164D34520038BCB6 /* en-ind.yml in Resources */ = {isa = PBXBuildFile; fileRef = 85A550BA164D34520038BCB6 /* en-ind.yml */; };
		85A55149164D34520038BCB6 /* en-us.yml in Resources */ = {isa = PBXBuildFile; fileRef = 85A550BB164D34520038BCB6 /* en-us.yml */; };
		85A5514A164D34520038BCB6 /* en.yml in Resources */ = {isa = PBXBuildFile; fileRef = 85A550BC164D34520038BCB6 /* en.yml */; };
		85A5514B164D34520038BCB6 /* fr.yml in Resources */ = {isa = PBXBuildFile; fileRef = 85A550BD164D34520038BCB6 /* fr.yml */; };
		85A5514C164D34520038BCB6 /* nl.yml in Resources */ = {isa = PBXBuildFile; fileRef = 85A550BE164D34520038BCB6 /* nl.yml */; };
		85A5514D164D34520038BCB6 /* no-nb.yml in Resources */ = {isa = PBXBuildFile; fileRef = 85A550BF164D34520038BCB6 /* no-nb.yml */; };
		85A5514E164D34520038BCB6 /* pl.yml in Resources */ = {isa = PBXBuildFile; fileRef = 85A550C0164D34520038BCB6 /* pl.yml */; };
		85A5514F164D34520038BCB6 /* pt-br.yml in Resources */ = {isa = PBXBuildFile; fileRef = 85A550C1164D34520038BCB6 /* pt-br.yml */; };
		85A55150164D34520038BCB6 /* vi.yml in Resources */ = {isa = PBXBuildFile; fileRef = 85A550C2164D34520038BCB6 /* vi.yml */; };
		85A55151164D34520038BCB6 /* MBFaker.m in Sources */ = {isa = PBXBuildFile; fileRef = 85A550C4164D34520038BCB6 /* MBFaker.m */; };
		85A55152164D34520038BCB6 /* MBFakerAddress.m in Sources */ = {isa = PBXBuildFile; fileRef = 85A550C6164D34520038BCB6 /* MBFakerAddress.m */; };
		85A55153164D34520038BCB6 /* MBFakerCompany.m in Sources */ = {isa = PBXBuildFile; fileRef = 85A550C8164D34520038BCB6 /* MBFakerCompany.m */; };
		85A55154164D34520038BCB6 /* MBFakerHelper.m in Sources */ = {isa = PBXBuildFile; fileRef = 85A550CA164D34520038BCB6 /* MBFakerHelper.m */; };
		85A55155164D34520038BCB6 /* MBFakerInternet.m in Sources */ = {isa = PBXBuildFile; fileRef = 85A550CC164D34520038BCB6 /* MBFakerInternet.m */; };
		85A55156164D34520038BCB6 /* MBFakerLorem.m in Sources */ = {isa = PBXBuildFile; fileRef = 85A550CE164D34520038BCB6 /* MBFakerLorem.m */; };
		85A55157164D34520038BCB6 /* MBFakerName.m in Sources */ = {isa = PBXBuildFile; fileRef = 85A550D0164D34520038BCB6 /* MBFakerName.m */; };
		85A55158164D34520038BCB6 /* MBFakerPhoneNumber.m in Sources */ = {isa = PBXBuildFile; fileRef = 85A550D2164D34520038BCB6 /* MBFakerPhoneNumber.m */; };
		85A55159164D34520038BCB6 /* doxygen.cfg in Resources */ = {isa = PBXBuildFile; fileRef = 85A550D6164D34520038BCB6 /* doxygen.cfg */; };
		85A5515A164D34520038BCB6 /* annotated.html in Resources */ = {isa = PBXBuildFile; fileRef = 85A550D8164D34520038BCB6 /* annotated.html */; };
		85A5515B164D34520038BCB6 /* classes.html in Resources */ = {isa = PBXBuildFile; fileRef = 85A550D9164D34520038BCB6 /* classes.html */; };
		85A5515C164D34520038BCB6 /* doxygen.css in Resources */ = {isa = PBXBuildFile; fileRef = 85A550DA164D34520038BCB6 /* doxygen.css */; };
		85A5515D164D34520038BCB6 /* doxygen.png in Resources */ = {isa = PBXBuildFile; fileRef = 85A550DB164D34520038BCB6 /* doxygen.png */; };
		85A5515E164D34520038BCB6 /* files.html in Resources */ = {isa = PBXBuildFile; fileRef = 85A550DC164D34520038BCB6 /* files.html */; };
		85A5515F164D34520038BCB6 /* functions.html in Resources */ = {isa = PBXBuildFile; fileRef = 85A550DD164D34520038BCB6 /* functions.html */; };
		85A55160164D34520038BCB6 /* functions_0x62.html in Resources */ = {isa = PBXBuildFile; fileRef = 85A550DE164D34520038BCB6 /* functions_0x62.html */; };
		85A55161164D34520038BCB6 /* functions_0x63.html in Resources */ = {isa = PBXBuildFile; fileRef = 85A550DF164D34520038BCB6 /* functions_0x63.html */; };
		85A55162164D34520038BCB6 /* functions_0x64.html in Resources */ = {isa = PBXBuildFile; fileRef = 85A550E0164D34520038BCB6 /* functions_0x64.html */; };
		85A55163164D34520038BCB6 /* functions_0x65.html in Resources */ = {isa = PBXBuildFile; fileRef = 85A550E1164D34520038BCB6 /* functions_0x65.html */; };
		85A55164164D34520038BCB6 /* functions_0x66.html in Resources */ = {isa = PBXBuildFile; fileRef = 85A550E2164D34520038BCB6 /* functions_0x66.html */; };
		85A55165164D34520038BCB6 /* functions_0x68.html in Resources */ = {isa = PBXBuildFile; fileRef = 85A550E3164D34520038BCB6 /* functions_0x68.html */; };
		85A55166164D34520038BCB6 /* functions_0x69.html in Resources */ = {isa = PBXBuildFile; fileRef = 85A550E4164D34520038BCB6 /* functions_0x69.html */; };
		85A55167164D34520038BCB6 /* functions_0x6b.html in Resources */ = {isa = PBXBuildFile; fileRef = 85A550E5164D34520038BCB6 /* functions_0x6b.html */; };
		85A55168164D34520038BCB6 /* functions_0x6c.html in Resources */ = {isa = PBXBuildFile; fileRef = 85A550E6164D34520038BCB6 /* functions_0x6c.html */; };
		85A55169164D34520038BCB6 /* functions_0x6d.html in Resources */ = {isa = PBXBuildFile; fileRef = 85A550E7164D34520038BCB6 /* functions_0x6d.html */; };
		85A5516A164D34520038BCB6 /* functions_0x6e.html in Resources */ = {isa = PBXBuildFile; fileRef = 85A550E8164D34520038BCB6 /* functions_0x6e.html */; };
		85A5516B164D34520038BCB6 /* functions_0x6f.html in Resources */ = {isa = PBXBuildFile; fileRef = 85A550E9164D34520038BCB6 /* functions_0x6f.html */; };
		85A5516C164D34520038BCB6 /* functions_0x70.html in Resources */ = {isa = PBXBuildFile; fileRef = 85A550EA164D34520038BCB6 /* functions_0x70.html */; };
		85A5516D164D34520038BCB6 /* functions_0x71.html in Resources */ = {isa = PBXBuildFile; fileRef = 85A550EB164D34520038BCB6 /* functions_0x71.html */; };
		85A5516E164D34520038BCB6 /* functions_0x72.html in Resources */ = {isa = PBXBuildFile; fileRef = 85A550EC164D34520038BCB6 /* functions_0x72.html */; };
		85A5516F164D34520038BCB6 /* functions_0x73.html in Resources */ = {isa = PBXBuildFile; fileRef = 85A550ED164D34520038BCB6 /* functions_0x73.html */; };
		85A55170164D34520038BCB6 /* functions_0x74.html in Resources */ = {isa = PBXBuildFile; fileRef = 85A550EE164D34520038BCB6 /* functions_0x74.html */; };
		85A55171164D34520038BCB6 /* functions_0x75.html in Resources */ = {isa = PBXBuildFile; fileRef = 85A550EF164D34520038BCB6 /* functions_0x75.html */; };
		85A55172164D34520038BCB6 /* functions_0x76.html in Resources */ = {isa = PBXBuildFile; fileRef = 85A550F0164D34520038BCB6 /* functions_0x76.html */; };
		85A55173164D34520038BCB6 /* functions_0x77.html in Resources */ = {isa = PBXBuildFile; fileRef = 85A550F1164D34520038BCB6 /* functions_0x77.html */; };
		85A55174164D34520038BCB6 /* functions_vars.html in Resources */ = {isa = PBXBuildFile; fileRef = 85A550F2164D34520038BCB6 /* functions_vars.html */; };
		85A55175164D34520038BCB6 /* functions_vars_0x62.html in Resources */ = {isa = PBXBuildFile; fileRef = 85A550F3164D34520038BCB6 /* functions_vars_0x62.html */; };
		85A55176164D34520038BCB6 /* functions_vars_0x63.html in Resources */ = {isa = PBXBuildFile; fileRef = 85A550F4164D34520038BCB6 /* functions_vars_0x63.html */; };
		85A55177164D34520038BCB6 /* functions_vars_0x64.html in Resources */ = {isa = PBXBuildFile; fileRef = 85A550F5164D34520038BCB6 /* functions_vars_0x64.html */; };
		85A55178164D34520038BCB6 /* functions_vars_0x65.html in Resources */ = {isa = PBXBuildFile; fileRef = 85A550F6164D34520038BCB6 /* functions_vars_0x65.html */; };
		85A55179164D34520038BCB6 /* functions_vars_0x66.html in Resources */ = {isa = PBXBuildFile; fileRef = 85A550F7164D34520038BCB6 /* functions_vars_0x66.html */; };
		85A5517A164D34520038BCB6 /* functions_vars_0x68.html in Resources */ = {isa = PBXBuildFile; fileRef = 85A550F8164D34520038BCB6 /* functions_vars_0x68.html */; };
		85A5517B164D34520038BCB6 /* functions_vars_0x69.html in Resources */ = {isa = PBXBuildFile; fileRef = 85A550F9164D34520038BCB6 /* functions_vars_0x69.html */; };
		85A5517C164D34520038BCB6 /* functions_vars_0x6b.html in Resources */ = {isa = PBXBuildFile; fileRef = 85A550FA164D34520038BCB6 /* functions_vars_0x6b.html */; };
		85A5517D164D34520038BCB6 /* functions_vars_0x6c.html in Resources */ = {isa = PBXBuildFile; fileRef = 85A550FB164D34520038BCB6 /* functions_vars_0x6c.html */; };
		85A5517E164D34520038BCB6 /* functions_vars_0x6d.html in Resources */ = {isa = PBXBuildFile; fileRef = 85A550FC164D34520038BCB6 /* functions_vars_0x6d.html */; };
		85A5517F164D34520038BCB6 /* functions_vars_0x6e.html in Resources */ = {isa = PBXBuildFile; fileRef = 85A550FD164D34520038BCB6 /* functions_vars_0x6e.html */; };
		85A55180164D34520038BCB6 /* functions_vars_0x6f.html in Resources */ = {isa = PBXBuildFile; fileRef = 85A550FE164D34520038BCB6 /* functions_vars_0x6f.html */; };
		85A55181164D34520038BCB6 /* functions_vars_0x70.html in Resources */ = {isa = PBXBuildFile; fileRef = 85A550FF164D34520038BCB6 /* functions_vars_0x70.html */; };
		85A55182164D34520038BCB6 /* functions_vars_0x71.html in Resources */ = {isa = PBXBuildFile; fileRef = 85A55100164D34520038BCB6 /* functions_vars_0x71.html */; };
		85A55183164D34520038BCB6 /* functions_vars_0x72.html in Resources */ = {isa = PBXBuildFile; fileRef = 85A55101164D34520038BCB6 /* functions_vars_0x72.html */; };
		85A55184164D34520038BCB6 /* functions_vars_0x73.html in Resources */ = {isa = PBXBuildFile; fileRef = 85A55102164D34520038BCB6 /* functions_vars_0x73.html */; };
		85A55185164D34520038BCB6 /* functions_vars_0x74.html in Resources */ = {isa = PBXBuildFile; fileRef = 85A55103164D34520038BCB6 /* functions_vars_0x74.html */; };
		85A55186164D34520038BCB6 /* functions_vars_0x75.html in Resources */ = {isa = PBXBuildFile; fileRef = 85A55104164D34520038BCB6 /* functions_vars_0x75.html */; };
		85A55187164D34520038BCB6 /* functions_vars_0x76.html in Resources */ = {isa = PBXBuildFile; fileRef = 85A55105164D34520038BCB6 /* functions_vars_0x76.html */; };
		85A55188164D34520038BCB6 /* functions_vars_0x77.html in Resources */ = {isa = PBXBuildFile; fileRef = 85A55106164D34520038BCB6 /* functions_vars_0x77.html */; };
		85A55189164D34520038BCB6 /* globals.html in Resources */ = {isa = PBXBuildFile; fileRef = 85A55107164D34520038BCB6 /* globals.html */; };
		85A5518A164D34520038BCB6 /* globals_defs.html in Resources */ = {isa = PBXBuildFile; fileRef = 85A55108164D34520038BCB6 /* globals_defs.html */; };
		85A5518B164D34520038BCB6 /* globals_enum.html in Resources */ = {isa = PBXBuildFile; fileRef = 85A55109164D34520038BCB6 /* globals_enum.html */; };
		85A5518C164D34520038BCB6 /* globals_eval.html in Resources */ = {isa = PBXBuildFile; fileRef = 85A5510A164D34520038BCB6 /* globals_eval.html */; };
		85A5518D164D34520038BCB6 /* globals_func.html in Resources */ = {isa = PBXBuildFile; fileRef = 85A5510B164D34520038BCB6 /* globals_func.html */; };
		85A5518E164D34520038BCB6 /* globals_type.html in Resources */ = {isa = PBXBuildFile; fileRef = 85A5510C164D34520038BCB6 /* globals_type.html */; };
		85A5518F164D34520038BCB6 /* group__basic.html in Resources */ = {isa = PBXBuildFile; fileRef = 85A5510D164D34520038BCB6 /* group__basic.html */; };
		85A55190164D34520038BCB6 /* group__emitter.html in Resources */ = {isa = PBXBuildFile; fileRef = 85A5510E164D34520038BCB6 /* group__emitter.html */; };
		85A55191164D34520038BCB6 /* group__events.html in Resources */ = {isa = PBXBuildFile; fileRef = 85A5510F164D34520038BCB6 /* group__events.html */; };
		85A55192164D34520038BCB6 /* group__export.html in Resources */ = {isa = PBXBuildFile; fileRef = 85A55110164D34520038BCB6 /* group__export.html */; };
		85A55193164D34520038BCB6 /* group__nodes.html in Resources */ = {isa = PBXBuildFile; fileRef = 85A55111164D34520038BCB6 /* group__nodes.html */; };
		85A55194164D34520038BCB6 /* group__parser.html in Resources */ = {isa = PBXBuildFile; fileRef = 85A55112164D34520038BCB6 /* group__parser.html */; };
		85A55195164D34520038BCB6 /* group__styles.html in Resources */ = {isa = PBXBuildFile; fileRef = 85A55113164D34520038BCB6 /* group__styles.html */; };
		85A55196164D34520038BCB6 /* group__tokens.html in Resources */ = {isa = PBXBuildFile; fileRef = 85A55114164D34520038BCB6 /* group__tokens.html */; };
		85A55197164D34520038BCB6 /* group__version.html in Resources */ = {isa = PBXBuildFile; fileRef = 85A55115164D34520038BCB6 /* group__version.html */; };
		85A55198164D34520038BCB6 /* index.html in Resources */ = {isa = PBXBuildFile; fileRef = 85A55116164D34520038BCB6 /* index.html */; };
		85A55199164D34520038BCB6 /* modules.html in Resources */ = {isa = PBXBuildFile; fileRef = 85A55117164D34520038BCB6 /* modules.html */; };
		85A5519A164D34520038BCB6 /* structyaml__alias__data__s.html in Resources */ = {isa = PBXBuildFile; fileRef = 85A55118164D34520038BCB6 /* structyaml__alias__data__s.html */; };
		85A5519B164D34520038BCB6 /* structyaml__document__s.html in Resources */ = {isa = PBXBuildFile; fileRef = 85A55119164D34520038BCB6 /* structyaml__document__s.html */; };
		85A5519C164D34520038BCB6 /* structyaml__emitter__s.html in Resources */ = {isa = PBXBuildFile; fileRef = 85A5511A164D34520038BCB6 /* structyaml__emitter__s.html */; };
		85A5519D164D34520038BCB6 /* structyaml__event__s.html in Resources */ = {isa = PBXBuildFile; fileRef = 85A5511B164D34520038BCB6 /* structyaml__event__s.html */; };
		85A5519E164D34520038BCB6 /* structyaml__mark__s.html in Resources */ = {isa = PBXBuildFile; fileRef = 85A5511C164D34520038BCB6 /* structyaml__mark__s.html */; };
		85A5519F164D34520038BCB6 /* structyaml__node__pair__s.html in Resources */ = {isa = PBXBuildFile; fileRef = 85A5511D164D34520038BCB6 /* structyaml__node__pair__s.html */; };
		85A551A0164D34520038BCB6 /* structyaml__node__s.html in Resources */ = {isa = PBXBuildFile; fileRef = 85A5511E164D34520038BCB6 /* structyaml__node__s.html */; };
		85A551A1164D34520038BCB6 /* structyaml__parser__s.html in Resources */ = {isa = PBXBuildFile; fileRef = 85A5511F164D34520038BCB6 /* structyaml__parser__s.html */; };
		85A551A2164D34520038BCB6 /* structyaml__simple__key__s.html in Resources */ = {isa = PBXBuildFile; fileRef = 85A55120164D34520038BCB6 /* structyaml__simple__key__s.html */; };
		85A551A3164D34520038BCB6 /* structyaml__tag__directive__s.html in Resources */ = {isa = PBXBuildFile; fileRef = 85A55121164D34520038BCB6 /* structyaml__tag__directive__s.html */; };
		85A551A4164D34520038BCB6 /* structyaml__token__s.html in Resources */ = {isa = PBXBuildFile; fileRef = 85A55122164D34520038BCB6 /* structyaml__token__s.html */; };
		85A551A5164D34520038BCB6 /* structyaml__version__directive__s.html in Resources */ = {isa = PBXBuildFile; fileRef = 85A55123164D34520038BCB6 /* structyaml__version__directive__s.html */; };
		85A551A6164D34520038BCB6 /* tab_b.gif in Resources */ = {isa = PBXBuildFile; fileRef = 85A55124164D34520038BCB6 /* tab_b.gif */; };
		85A551A7164D34520038BCB6 /* tab_l.gif in Resources */ = {isa = PBXBuildFile; fileRef = 85A55125164D34520038BCB6 /* tab_l.gif */; };
		85A551A8164D34520038BCB6 /* tab_r.gif in Resources */ = {isa = PBXBuildFile; fileRef = 85A55126164D34520038BCB6 /* tab_r.gif */; };
		85A551A9164D34520038BCB6 /* tabs.css in Resources */ = {isa = PBXBuildFile; fileRef = 85A55127164D34520038BCB6 /* tabs.css */; };
		85A551AA164D34520038BCB6 /* yaml_8h.html in Resources */ = {isa = PBXBuildFile; fileRef = 85A55128164D34520038BCB6 /* yaml_8h.html */; };
		85A551AB164D34520038BCB6 /* LICENSE in Resources */ = {isa = PBXBuildFile; fileRef = 85A5512B164D34520038BCB6 /* LICENSE */; };
		85A551AC164D34520038BCB6 /* README in Resources */ = {isa = PBXBuildFile; fileRef = 85A5512C164D34520038BCB6 /* README */; };
		85A551AD164D34520038BCB6 /* api.Plo in Resources */ = {isa = PBXBuildFile; fileRef = 85A5512F164D34520038BCB6 /* api.Plo */; };
		85A551AE164D34520038BCB6 /* dumper.Plo in Resources */ = {isa = PBXBuildFile; fileRef = 85A55130164D34520038BCB6 /* dumper.Plo */; };
		85A551AF164D34520038BCB6 /* emitter.Plo in Resources */ = {isa = PBXBuildFile; fileRef = 85A55131164D34520038BCB6 /* emitter.Plo */; };
		85A551B0164D34520038BCB6 /* loader.Plo in Resources */ = {isa = PBXBuildFile; fileRef = 85A55132164D34520038BCB6 /* loader.Plo */; };
		85A551B1164D34520038BCB6 /* parser.Plo in Resources */ = {isa = PBXBuildFile; fileRef = 85A55133164D34520038BCB6 /* parser.Plo */; };
		85A551B2164D34520038BCB6 /* reader.Plo in Resources */ = {isa = PBXBuildFile; fileRef = 85A55134164D34520038BCB6 /* reader.Plo */; };
		85A551B3164D34520038BCB6 /* scanner.Plo in Resources */ = {isa = PBXBuildFile; fileRef = 85A55135164D34520038BCB6 /* scanner.Plo */; };
		85A551B4164D34520038BCB6 /* writer.Plo in Resources */ = {isa = PBXBuildFile; fileRef = 85A55136164D34520038BCB6 /* writer.Plo */; };
		85A551B5164D34520038BCB6 /* api.c in Sources */ = {isa = PBXBuildFile; fileRef = 85A55137164D34520038BCB6 /* api.c */; };
		85A551B6164D34520038BCB6 /* dumper.c in Sources */ = {isa = PBXBuildFile; fileRef = 85A55138164D34520038BCB6 /* dumper.c */; };
		85A551B7164D34520038BCB6 /* emitter.c in Sources */ = {isa = PBXBuildFile; fileRef = 85A55139164D34520038BCB6 /* emitter.c */; };
		85A551B8164D34520038BCB6 /* loader.c in Sources */ = {isa = PBXBuildFile; fileRef = 85A5513A164D34520038BCB6 /* loader.c */; };
		85A551B9164D34520038BCB6 /* parser.c in Sources */ = {isa = PBXBuildFile; fileRef = 85A5513B164D34520038BCB6 /* parser.c */; };
		85A551BA164D34520038BCB6 /* reader.c in Sources */ = {isa = PBXBuildFile; fileRef = 85A5513C164D34520038BCB6 /* reader.c */; };
		85A551BB164D34520038BCB6 /* scanner.c in Sources */ = {isa = PBXBuildFile; fileRef = 85A5513D164D34520038BCB6 /* scanner.c */; };
		85A551BC164D34520038BCB6 /* writer.c in Sources */ = {isa = PBXBuildFile; fileRef = 85A5513E164D34520038BCB6 /* writer.c */; };
		85A551BD164D34520038BCB6 /* YAMLSerialization.m in Sources */ = {isa = PBXBuildFile; fileRef = 85A55141164D34520038BCB6 /* YAMLSerialization.m */; };
/* End PBXBuildFile section */

/* Begin PBXFileReference section */
		85A54D61164D31A30038BCB6 /* MBFaker Demo.app */ = {isa = PBXFileReference; explicitFileType = wrapper.application; includeInIndex = 0; path = "MBFaker Demo.app"; sourceTree = BUILT_PRODUCTS_DIR; };
		85A54D65164D31A30038BCB6 /* UIKit.framework */ = {isa = PBXFileReference; lastKnownFileType = wrapper.framework; name = UIKit.framework; path = System/Library/Frameworks/UIKit.framework; sourceTree = SDKROOT; };
		85A54D67164D31A30038BCB6 /* Foundation.framework */ = {isa = PBXFileReference; lastKnownFileType = wrapper.framework; name = Foundation.framework; path = System/Library/Frameworks/Foundation.framework; sourceTree = SDKROOT; };
		85A54D69164D31A30038BCB6 /* CoreGraphics.framework */ = {isa = PBXFileReference; lastKnownFileType = wrapper.framework; name = CoreGraphics.framework; path = System/Library/Frameworks/CoreGraphics.framework; sourceTree = SDKROOT; };
		85A54D6D164D31A30038BCB6 /* MBFaker Demo-Info.plist */ = {isa = PBXFileReference; lastKnownFileType = text.plist.xml; path = "MBFaker Demo-Info.plist"; sourceTree = "<group>"; };
		85A54D6F164D31A30038BCB6 /* en */ = {isa = PBXFileReference; lastKnownFileType = text.plist.strings; name = en; path = en.lproj/InfoPlist.strings; sourceTree = "<group>"; };
		85A54D71164D31A30038BCB6 /* main.m */ = {isa = PBXFileReference; lastKnownFileType = sourcecode.c.objc; path = main.m; sourceTree = "<group>"; };
		85A54D73164D31A30038BCB6 /* MBFaker Demo-Prefix.pch */ = {isa = PBXFileReference; lastKnownFileType = sourcecode.c.h; path = "MBFaker Demo-Prefix.pch"; sourceTree = "<group>"; };
		85A54D74164D31A30038BCB6 /* MBAppDelegate.h */ = {isa = PBXFileReference; lastKnownFileType = sourcecode.c.h; path = MBAppDelegate.h; sourceTree = "<group>"; };
		85A54D75164D31A30038BCB6 /* MBAppDelegate.m */ = {isa = PBXFileReference; lastKnownFileType = sourcecode.c.objc; path = MBAppDelegate.m; sourceTree = "<group>"; };
		85A54D77164D31A30038BCB6 /* Default.png */ = {isa = PBXFileReference; lastKnownFileType = image.png; path = Default.png; sourceTree = "<group>"; };
		85A54D79164D31A30038BCB6 /* Default@2x.png */ = {isa = PBXFileReference; lastKnownFileType = image.png; path = "Default@2x.png"; sourceTree = "<group>"; };
		85A54D7B164D31A30038BCB6 /* Default-568h@2x.png */ = {isa = PBXFileReference; lastKnownFileType = image.png; path = "Default-568h@2x.png"; sourceTree = "<group>"; };
		85A54D7D164D31A30038BCB6 /* MBViewController.h */ = {isa = PBXFileReference; lastKnownFileType = sourcecode.c.h; path = MBViewController.h; sourceTree = "<group>"; };
		85A54D7E164D31A30038BCB6 /* MBViewController.m */ = {isa = PBXFileReference; lastKnownFileType = sourcecode.c.objc; path = MBViewController.m; sourceTree = "<group>"; };
		85A54D81164D31A30038BCB6 /* en */ = {isa = PBXFileReference; lastKnownFileType = file.xib; name = en; path = en.lproj/MBViewController.xib; sourceTree = "<group>"; };
		85A550B4164D34520038BCB6 /* de-ch.yml */ = {isa = PBXFileReference; fileEncoding = 4; lastKnownFileType = text; path = "de-ch.yml"; sourceTree = "<group>"; };
		85A550B5164D34520038BCB6 /* de.yml */ = {isa = PBXFileReference; fileEncoding = 4; lastKnownFileType = text; path = de.yml; sourceTree = "<group>"; };
		85A550B6164D34520038BCB6 /* en-au.yml */ = {isa = PBXFileReference; fileEncoding = 4; lastKnownFileType = text; path = "en-au.yml"; sourceTree = "<group>"; };
		85A550B7164D34520038BCB6 /* en-bork.yml */ = {isa = PBXFileReference; fileEncoding = 4; lastKnownFileType = text; path = "en-bork.yml"; sourceTree = "<group>"; };
		85A550B8164D34520038BCB6 /* en-ca.yml */ = {isa = PBXFileReference; fileEncoding = 4; lastKnownFileType = text; path = "en-ca.yml"; sourceTree = "<group>"; };
		85A550B9164D34520038BCB6 /* en-gb.yml */ = {isa = PBXFileReference; fileEncoding = 4; lastKnownFileType = text; path = "en-gb.yml"; sourceTree = "<group>"; };
		85A550BA164D34520038BCB6 /* en-ind.yml */ = {isa = PBXFileReference; fileEncoding = 4; lastKnownFileType = text; path = "en-ind.yml"; sourceTree = "<group>"; };
		85A550BB164D34520038BCB6 /* en-us.yml */ = {isa = PBXFileReference; fileEncoding = 4; lastKnownFileType = text; path = "en-us.yml"; sourceTree = "<group>"; };
		85A550BC164D34520038BCB6 /* en.yml */ = {isa = PBXFileReference; fileEncoding = 4; lastKnownFileType = text; path = en.yml; sourceTree = "<group>"; };
		85A550BD164D34520038BCB6 /* fr.yml */ = {isa = PBXFileReference; fileEncoding = 4; lastKnownFileType = text; path = fr.yml; sourceTree = "<group>"; };
		85A550BE164D34520038BCB6 /* nl.yml */ = {isa = PBXFileReference; fileEncoding = 4; lastKnownFileType = text; path = nl.yml; sourceTree = "<group>"; };
		85A550BF164D34520038BCB6 /* no-nb.yml */ = {isa = PBXFileReference; fileEncoding = 4; lastKnownFileType = text; path = "no-nb.yml"; sourceTree = "<group>"; };
		85A550C0164D34520038BCB6 /* pl.yml */ = {isa = PBXFileReference; fileEncoding = 4; lastKnownFileType = text; path = pl.yml; sourceTree = "<group>"; };
		85A550C1164D34520038BCB6 /* pt-br.yml */ = {isa = PBXFileReference; fileEncoding = 4; lastKnownFileType = text; path = "pt-br.yml"; sourceTree = "<group>"; };
		85A550C2164D34520038BCB6 /* vi.yml */ = {isa = PBXFileReference; fileEncoding = 4; lastKnownFileType = text; path = vi.yml; sourceTree = "<group>"; };
		85A550C3164D34520038BCB6 /* MBFaker.h */ = {isa = PBXFileReference; fileEncoding = 4; lastKnownFileType = sourcecode.c.h; path = MBFaker.h; sourceTree = "<group>"; };
		85A550C4164D34520038BCB6 /* MBFaker.m */ = {isa = PBXFileReference; fileEncoding = 4; lastKnownFileType = sourcecode.c.objc; path = MBFaker.m; sourceTree = "<group>"; };
		85A550C5164D34520038BCB6 /* MBFakerAddress.h */ = {isa = PBXFileReference; fileEncoding = 4; lastKnownFileType = sourcecode.c.h; path = MBFakerAddress.h; sourceTree = "<group>"; };
		85A550C6164D34520038BCB6 /* MBFakerAddress.m */ = {isa = PBXFileReference; fileEncoding = 4; lastKnownFileType = sourcecode.c.objc; path = MBFakerAddress.m; sourceTree = "<group>"; };
		85A550C7164D34520038BCB6 /* MBFakerCompany.h */ = {isa = PBXFileReference; fileEncoding = 4; lastKnownFileType = sourcecode.c.h; path = MBFakerCompany.h; sourceTree = "<group>"; };
		85A550C8164D34520038BCB6 /* MBFakerCompany.m */ = {isa = PBXFileReference; fileEncoding = 4; lastKnownFileType = sourcecode.c.objc; path = MBFakerCompany.m; sourceTree = "<group>"; };
		85A550C9164D34520038BCB6 /* MBFakerHelper.h */ = {isa = PBXFileReference; fileEncoding = 4; lastKnownFileType = sourcecode.c.h; path = MBFakerHelper.h; sourceTree = "<group>"; };
		85A550CA164D34520038BCB6 /* MBFakerHelper.m */ = {isa = PBXFileReference; fileEncoding = 4; lastKnownFileType = sourcecode.c.objc; path = MBFakerHelper.m; sourceTree = "<group>"; };
		85A550CB164D34520038BCB6 /* MBFakerInternet.h */ = {isa = PBXFileReference; fileEncoding = 4; lastKnownFileType = sourcecode.c.h; path = MBFakerInternet.h; sourceTree = "<group>"; };
		85A550CC164D34520038BCB6 /* MBFakerInternet.m */ = {isa = PBXFileReference; fileEncoding = 4; lastKnownFileType = sourcecode.c.objc; path = MBFakerInternet.m; sourceTree = "<group>"; };
		85A550CD164D34520038BCB6 /* MBFakerLorem.h */ = {isa = PBXFileReference; fileEncoding = 4; lastKnownFileType = sourcecode.c.h; path = MBFakerLorem.h; sourceTree = "<group>"; };
		85A550CE164D34520038BCB6 /* MBFakerLorem.m */ = {isa = PBXFileReference; fileEncoding = 4; lastKnownFileType = sourcecode.c.objc; path = MBFakerLorem.m; sourceTree = "<group>"; };
		85A550CF164D34520038BCB6 /* MBFakerName.h */ = {isa = PBXFileReference; fileEncoding = 4; lastKnownFileType = sourcecode.c.h; path = MBFakerName.h; sourceTree = "<group>"; };
		85A550D0164D34520038BCB6 /* MBFakerName.m */ = {isa = PBXFileReference; fileEncoding = 4; lastKnownFileType = sourcecode.c.objc; path = MBFakerName.m; sourceTree = "<group>"; };
		85A550D1164D34520038BCB6 /* MBFakerPhoneNumber.h */ = {isa = PBXFileReference; fileEncoding = 4; lastKnownFileType = sourcecode.c.h; path = MBFakerPhoneNumber.h; sourceTree = "<group>"; };
		85A550D2164D34520038BCB6 /* MBFakerPhoneNumber.m */ = {isa = PBXFileReference; fileEncoding = 4; lastKnownFileType = sourcecode.c.objc; path = MBFakerPhoneNumber.m; sourceTree = "<group>"; };
		85A550D4164D34520038BCB6 /* config.h */ = {isa = PBXFileReference; fileEncoding = 4; lastKnownFileType = sourcecode.c.h; path = config.h; sourceTree = "<group>"; };
		85A550D6164D34520038BCB6 /* doxygen.cfg */ = {isa = PBXFileReference; fileEncoding = 4; lastKnownFileType = text; path = doxygen.cfg; sourceTree = "<group>"; };
		85A550D8164D34520038BCB6 /* annotated.html */ = {isa = PBXFileReference; fileEncoding = 4; lastKnownFileType = text.html; path = annotated.html; sourceTree = "<group>"; };
		85A550D9164D34520038BCB6 /* classes.html */ = {isa = PBXFileReference; fileEncoding = 4; lastKnownFileType = text.html; path = classes.html; sourceTree = "<group>"; };
		85A550DA164D34520038BCB6 /* doxygen.css */ = {isa = PBXFileReference; fileEncoding = 4; lastKnownFileType = text.css; path = doxygen.css; sourceTree = "<group>"; };
		85A550DB164D34520038BCB6 /* doxygen.png */ = {isa = PBXFileReference; lastKnownFileType = image.png; path = doxygen.png; sourceTree = "<group>"; };
		85A550DC164D34520038BCB6 /* files.html */ = {isa = PBXFileReference; fileEncoding = 4; lastKnownFileType = text.html; path = files.html; sourceTree = "<group>"; };
		85A550DD164D34520038BCB6 /* functions.html */ = {isa = PBXFileReference; fileEncoding = 4; lastKnownFileType = text.html; path = functions.html; sourceTree = "<group>"; };
		85A550DE164D34520038BCB6 /* functions_0x62.html */ = {isa = PBXFileReference; fileEncoding = 4; lastKnownFileType = text.html; path = functions_0x62.html; sourceTree = "<group>"; };
		85A550DF164D34520038BCB6 /* functions_0x63.html */ = {isa = PBXFileReference; fileEncoding = 4; lastKnownFileType = text.html; path = functions_0x63.html; sourceTree = "<group>"; };
		85A550E0164D34520038BCB6 /* functions_0x64.html */ = {isa = PBXFileReference; fileEncoding = 4; lastKnownFileType = text.html; path = functions_0x64.html; sourceTree = "<group>"; };
		85A550E1164D34520038BCB6 /* functions_0x65.html */ = {isa = PBXFileReference; fileEncoding = 4; lastKnownFileType = text.html; path = functions_0x65.html; sourceTree = "<group>"; };
		85A550E2164D34520038BCB6 /* functions_0x66.html */ = {isa = PBXFileReference; fileEncoding = 4; lastKnownFileType = text.html; path = functions_0x66.html; sourceTree = "<group>"; };
		85A550E3164D34520038BCB6 /* functions_0x68.html */ = {isa = PBXFileReference; fileEncoding = 4; lastKnownFileType = text.html; path = functions_0x68.html; sourceTree = "<group>"; };
		85A550E4164D34520038BCB6 /* functions_0x69.html */ = {isa = PBXFileReference; fileEncoding = 4; lastKnownFileType = text.html; path = functions_0x69.html; sourceTree = "<group>"; };
		85A550E5164D34520038BCB6 /* functions_0x6b.html */ = {isa = PBXFileReference; fileEncoding = 4; lastKnownFileType = text.html; path = functions_0x6b.html; sourceTree = "<group>"; };
		85A550E6164D34520038BCB6 /* functions_0x6c.html */ = {isa = PBXFileReference; fileEncoding = 4; lastKnownFileType = text.html; path = functions_0x6c.html; sourceTree = "<group>"; };
		85A550E7164D34520038BCB6 /* functions_0x6d.html */ = {isa = PBXFileReference; fileEncoding = 4; lastKnownFileType = text.html; path = functions_0x6d.html; sourceTree = "<group>"; };
		85A550E8164D34520038BCB6 /* functions_0x6e.html */ = {isa = PBXFileReference; fileEncoding = 4; lastKnownFileType = text.html; path = functions_0x6e.html; sourceTree = "<group>"; };
		85A550E9164D34520038BCB6 /* functions_0x6f.html */ = {isa = PBXFileReference; fileEncoding = 4; lastKnownFileType = text.html; path = functions_0x6f.html; sourceTree = "<group>"; };
		85A550EA164D34520038BCB6 /* functions_0x70.html */ = {isa = PBXFileReference; fileEncoding = 4; lastKnownFileType = text.html; path = functions_0x70.html; sourceTree = "<group>"; };
		85A550EB164D34520038BCB6 /* functions_0x71.html */ = {isa = PBXFileReference; fileEncoding = 4; lastKnownFileType = text.html; path = functions_0x71.html; sourceTree = "<group>"; };
		85A550EC164D34520038BCB6 /* functions_0x72.html */ = {isa = PBXFileReference; fileEncoding = 4; lastKnownFileType = text.html; path = functions_0x72.html; sourceTree = "<group>"; };
		85A550ED164D34520038BCB6 /* functions_0x73.html */ = {isa = PBXFileReference; fileEncoding = 4; lastKnownFileType = text.html; path = functions_0x73.html; sourceTree = "<group>"; };
		85A550EE164D34520038BCB6 /* functions_0x74.html */ = {isa = PBXFileReference; fileEncoding = 4; lastKnownFileType = text.html; path = functions_0x74.html; sourceTree = "<group>"; };
		85A550EF164D34520038BCB6 /* functions_0x75.html */ = {isa = PBXFileReference; fileEncoding = 4; lastKnownFileType = text.html; path = functions_0x75.html; sourceTree = "<group>"; };
		85A550F0164D34520038BCB6 /* functions_0x76.html */ = {isa = PBXFileReference; fileEncoding = 4; lastKnownFileType = text.html; path = functions_0x76.html; sourceTree = "<group>"; };
		85A550F1164D34520038BCB6 /* functions_0x77.html */ = {isa = PBXFileReference; fileEncoding = 4; lastKnownFileType = text.html; path = functions_0x77.html; sourceTree = "<group>"; };
		85A550F2164D34520038BCB6 /* functions_vars.html */ = {isa = PBXFileReference; fileEncoding = 4; lastKnownFileType = text.html; path = functions_vars.html; sourceTree = "<group>"; };
		85A550F3164D34520038BCB6 /* functions_vars_0x62.html */ = {isa = PBXFileReference; fileEncoding = 4; lastKnownFileType = text.html; path = functions_vars_0x62.html; sourceTree = "<group>"; };
		85A550F4164D34520038BCB6 /* functions_vars_0x63.html */ = {isa = PBXFileReference; fileEncoding = 4; lastKnownFileType = text.html; path = functions_vars_0x63.html; sourceTree = "<group>"; };
		85A550F5164D34520038BCB6 /* functions_vars_0x64.html */ = {isa = PBXFileReference; fileEncoding = 4; lastKnownFileType = text.html; path = functions_vars_0x64.html; sourceTree = "<group>"; };
		85A550F6164D34520038BCB6 /* functions_vars_0x65.html */ = {isa = PBXFileReference; fileEncoding = 4; lastKnownFileType = text.html; path = functions_vars_0x65.html; sourceTree = "<group>"; };
		85A550F7164D34520038BCB6 /* functions_vars_0x66.html */ = {isa = PBXFileReference; fileEncoding = 4; lastKnownFileType = text.html; path = functions_vars_0x66.html; sourceTree = "<group>"; };
		85A550F8164D34520038BCB6 /* functions_vars_0x68.html */ = {isa = PBXFileReference; fileEncoding = 4; lastKnownFileType = text.html; path = functions_vars_0x68.html; sourceTree = "<group>"; };
		85A550F9164D34520038BCB6 /* functions_vars_0x69.html */ = {isa = PBXFileReference; fileEncoding = 4; lastKnownFileType = text.html; path = functions_vars_0x69.html; sourceTree = "<group>"; };
		85A550FA164D34520038BCB6 /* functions_vars_0x6b.html */ = {isa = PBXFileReference; fileEncoding = 4; lastKnownFileType = text.html; path = functions_vars_0x6b.html; sourceTree = "<group>"; };
		85A550FB164D34520038BCB6 /* functions_vars_0x6c.html */ = {isa = PBXFileReference; fileEncoding = 4; lastKnownFileType = text.html; path = functions_vars_0x6c.html; sourceTree = "<group>"; };
		85A550FC164D34520038BCB6 /* functions_vars_0x6d.html */ = {isa = PBXFileReference; fileEncoding = 4; lastKnownFileType = text.html; path = functions_vars_0x6d.html; sourceTree = "<group>"; };
		85A550FD164D34520038BCB6 /* functions_vars_0x6e.html */ = {isa = PBXFileReference; fileEncoding = 4; lastKnownFileType = text.html; path = functions_vars_0x6e.html; sourceTree = "<group>"; };
		85A550FE164D34520038BCB6 /* functions_vars_0x6f.html */ = {isa = PBXFileReference; fileEncoding = 4; lastKnownFileType = text.html; path = functions_vars_0x6f.html; sourceTree = "<group>"; };
		85A550FF164D34520038BCB6 /* functions_vars_0x70.html */ = {isa = PBXFileReference; fileEncoding = 4; lastKnownFileType = text.html; path = functions_vars_0x70.html; sourceTree = "<group>"; };
		85A55100164D34520038BCB6 /* functions_vars_0x71.html */ = {isa = PBXFileReference; fileEncoding = 4; lastKnownFileType = text.html; path = functions_vars_0x71.html; sourceTree = "<group>"; };
		85A55101164D34520038BCB6 /* functions_vars_0x72.html */ = {isa = PBXFileReference; fileEncoding = 4; lastKnownFileType = text.html; path = functions_vars_0x72.html; sourceTree = "<group>"; };
		85A55102164D34520038BCB6 /* functions_vars_0x73.html */ = {isa = PBXFileReference; fileEncoding = 4; lastKnownFileType = text.html; path = functions_vars_0x73.html; sourceTree = "<group>"; };
		85A55103164D34520038BCB6 /* functions_vars_0x74.html */ = {isa = PBXFileReference; fileEncoding = 4; lastKnownFileType = text.html; path = functions_vars_0x74.html; sourceTree = "<group>"; };
		85A55104164D34520038BCB6 /* functions_vars_0x75.html */ = {isa = PBXFileReference; fileEncoding = 4; lastKnownFileType = text.html; path = functions_vars_0x75.html; sourceTree = "<group>"; };
		85A55105164D34520038BCB6 /* functions_vars_0x76.html */ = {isa = PBXFileReference; fileEncoding = 4; lastKnownFileType = text.html; path = functions_vars_0x76.html; sourceTree = "<group>"; };
		85A55106164D34520038BCB6 /* functions_vars_0x77.html */ = {isa = PBXFileReference; fileEncoding = 4; lastKnownFileType = text.html; path = functions_vars_0x77.html; sourceTree = "<group>"; };
		85A55107164D34520038BCB6 /* globals.html */ = {isa = PBXFileReference; fileEncoding = 4; lastKnownFileType = text.html; path = globals.html; sourceTree = "<group>"; };
		85A55108164D34520038BCB6 /* globals_defs.html */ = {isa = PBXFileReference; fileEncoding = 4; lastKnownFileType = text.html; path = globals_defs.html; sourceTree = "<group>"; };
		85A55109164D34520038BCB6 /* globals_enum.html */ = {isa = PBXFileReference; fileEncoding = 4; lastKnownFileType = text.html; path = globals_enum.html; sourceTree = "<group>"; };
		85A5510A164D34520038BCB6 /* globals_eval.html */ = {isa = PBXFileReference; fileEncoding = 4; lastKnownFileType = text.html; path = globals_eval.html; sourceTree = "<group>"; };
		85A5510B164D34520038BCB6 /* globals_func.html */ = {isa = PBXFileReference; fileEncoding = 4; lastKnownFileType = text.html; path = globals_func.html; sourceTree = "<group>"; };
		85A5510C164D34520038BCB6 /* globals_type.html */ = {isa = PBXFileReference; fileEncoding = 4; lastKnownFileType = text.html; path = globals_type.html; sourceTree = "<group>"; };
		85A5510D164D34520038BCB6 /* group__basic.html */ = {isa = PBXFileReference; fileEncoding = 4; lastKnownFileType = text.html; path = group__basic.html; sourceTree = "<group>"; };
		85A5510E164D34520038BCB6 /* group__emitter.html */ = {isa = PBXFileReference; fileEncoding = 4; lastKnownFileType = text.html; path = group__emitter.html; sourceTree = "<group>"; };
		85A5510F164D34520038BCB6 /* group__events.html */ = {isa = PBXFileReference; fileEncoding = 4; lastKnownFileType = text.html; path = group__events.html; sourceTree = "<group>"; };
		85A55110164D34520038BCB6 /* group__export.html */ = {isa = PBXFileReference; fileEncoding = 4; lastKnownFileType = text.html; path = group__export.html; sourceTree = "<group>"; };
		85A55111164D34520038BCB6 /* group__nodes.html */ = {isa = PBXFileReference; fileEncoding = 4; lastKnownFileType = text.html; path = group__nodes.html; sourceTree = "<group>"; };
		85A55112164D34520038BCB6 /* group__parser.html */ = {isa = PBXFileReference; fileEncoding = 4; lastKnownFileType = text.html; path = group__parser.html; sourceTree = "<group>"; };
		85A55113164D34520038BCB6 /* group__styles.html */ = {isa = PBXFileReference; fileEncoding = 4; lastKnownFileType = text.html; path = group__styles.html; sourceTree = "<group>"; };
		85A55114164D34520038BCB6 /* group__tokens.html */ = {isa = PBXFileReference; fileEncoding = 4; lastKnownFileType = text.html; path = group__tokens.html; sourceTree = "<group>"; };
		85A55115164D34520038BCB6 /* group__version.html */ = {isa = PBXFileReference; fileEncoding = 4; lastKnownFileType = text.html; path = group__version.html; sourceTree = "<group>"; };
		85A55116164D34520038BCB6 /* index.html */ = {isa = PBXFileReference; fileEncoding = 4; lastKnownFileType = text.html; path = index.html; sourceTree = "<group>"; };
		85A55117164D34520038BCB6 /* modules.html */ = {isa = PBXFileReference; fileEncoding = 4; lastKnownFileType = text.html; path = modules.html; sourceTree = "<group>"; };
		85A55118164D34520038BCB6 /* structyaml__alias__data__s.html */ = {isa = PBXFileReference; fileEncoding = 4; lastKnownFileType = text.html; path = structyaml__alias__data__s.html; sourceTree = "<group>"; };
		85A55119164D34520038BCB6 /* structyaml__document__s.html */ = {isa = PBXFileReference; fileEncoding = 4; lastKnownFileType = text.html; path = structyaml__document__s.html; sourceTree = "<group>"; };
		85A5511A164D34520038BCB6 /* structyaml__emitter__s.html */ = {isa = PBXFileReference; fileEncoding = 4; lastKnownFileType = text.html; path = structyaml__emitter__s.html; sourceTree = "<group>"; };
		85A5511B164D34520038BCB6 /* structyaml__event__s.html */ = {isa = PBXFileReference; fileEncoding = 4; lastKnownFileType = text.html; path = structyaml__event__s.html; sourceTree = "<group>"; };
		85A5511C164D34520038BCB6 /* structyaml__mark__s.html */ = {isa = PBXFileReference; fileEncoding = 4; lastKnownFileType = text.html; path = structyaml__mark__s.html; sourceTree = "<group>"; };
		85A5511D164D34520038BCB6 /* structyaml__node__pair__s.html */ = {isa = PBXFileReference; fileEncoding = 4; lastKnownFileType = text.html; path = structyaml__node__pair__s.html; sourceTree = "<group>"; };
		85A5511E164D34520038BCB6 /* structyaml__node__s.html */ = {isa = PBXFileReference; fileEncoding = 4; lastKnownFileType = text.html; path = structyaml__node__s.html; sourceTree = "<group>"; };
		85A5511F164D34520038BCB6 /* structyaml__parser__s.html */ = {isa = PBXFileReference; fileEncoding = 4; lastKnownFileType = text.html; path = structyaml__parser__s.html; sourceTree = "<group>"; };
		85A55120164D34520038BCB6 /* structyaml__simple__key__s.html */ = {isa = PBXFileReference; fileEncoding = 4; lastKnownFileType = text.html; path = structyaml__simple__key__s.html; sourceTree = "<group>"; };
		85A55121164D34520038BCB6 /* structyaml__tag__directive__s.html */ = {isa = PBXFileReference; fileEncoding = 4; lastKnownFileType = text.html; path = structyaml__tag__directive__s.html; sourceTree = "<group>"; };
		85A55122164D34520038BCB6 /* structyaml__token__s.html */ = {isa = PBXFileReference; fileEncoding = 4; lastKnownFileType = text.html; path = structyaml__token__s.html; sourceTree = "<group>"; };
		85A55123164D34520038BCB6 /* structyaml__version__directive__s.html */ = {isa = PBXFileReference; fileEncoding = 4; lastKnownFileType = text.html; path = structyaml__version__directive__s.html; sourceTree = "<group>"; };
		85A55124164D34520038BCB6 /* tab_b.gif */ = {isa = PBXFileReference; lastKnownFileType = image.gif; path = tab_b.gif; sourceTree = "<group>"; };
		85A55125164D34520038BCB6 /* tab_l.gif */ = {isa = PBXFileReference; lastKnownFileType = image.gif; path = tab_l.gif; sourceTree = "<group>"; };
		85A55126164D34520038BCB6 /* tab_r.gif */ = {isa = PBXFileReference; lastKnownFileType = image.gif; path = tab_r.gif; sourceTree = "<group>"; };
		85A55127164D34520038BCB6 /* tabs.css */ = {isa = PBXFileReference; fileEncoding = 4; lastKnownFileType = text.css; path = tabs.css; sourceTree = "<group>"; };
		85A55128164D34520038BCB6 /* yaml_8h.html */ = {isa = PBXFileReference; fileEncoding = 4; lastKnownFileType = text.html; path = yaml_8h.html; sourceTree = "<group>"; };
		85A5512A164D34520038BCB6 /* yaml.h */ = {isa = PBXFileReference; fileEncoding = 4; lastKnownFileType = sourcecode.c.h; path = yaml.h; sourceTree = "<group>"; };
		85A5512B164D34520038BCB6 /* LICENSE */ = {isa = PBXFileReference; fileEncoding = 4; lastKnownFileType = text; path = LICENSE; sourceTree = "<group>"; };
		85A5512C164D34520038BCB6 /* README */ = {isa = PBXFileReference; fileEncoding = 4; lastKnownFileType = text; path = README; sourceTree = "<group>"; };
		85A5512F164D34520038BCB6 /* api.Plo */ = {isa = PBXFileReference; fileEncoding = 4; lastKnownFileType = text; path = api.Plo; sourceTree = "<group>"; };
		85A55130164D34520038BCB6 /* dumper.Plo */ = {isa = PBXFileReference; fileEncoding = 4; lastKnownFileType = text; path = dumper.Plo; sourceTree = "<group>"; };
		85A55131164D34520038BCB6 /* emitter.Plo */ = {isa = PBXFileReference; fileEncoding = 4; lastKnownFileType = text; path = emitter.Plo; sourceTree = "<group>"; };
		85A55132164D34520038BCB6 /* loader.Plo */ = {isa = PBXFileReference; fileEncoding = 4; lastKnownFileType = text; path = loader.Plo; sourceTree = "<group>"; };
		85A55133164D34520038BCB6 /* parser.Plo */ = {isa = PBXFileReference; fileEncoding = 4; lastKnownFileType = text; path = parser.Plo; sourceTree = "<group>"; };
		85A55134164D34520038BCB6 /* reader.Plo */ = {isa = PBXFileReference; fileEncoding = 4; lastKnownFileType = text; path = reader.Plo; sourceTree = "<group>"; };
		85A55135164D34520038BCB6 /* scanner.Plo */ = {isa = PBXFileReference; fileEncoding = 4; lastKnownFileType = text; path = scanner.Plo; sourceTree = "<group>"; };
		85A55136164D34520038BCB6 /* writer.Plo */ = {isa = PBXFileReference; fileEncoding = 4; lastKnownFileType = text; path = writer.Plo; sourceTree = "<group>"; };
		85A55137164D34520038BCB6 /* api.c */ = {isa = PBXFileReference; fileEncoding = 4; lastKnownFileType = sourcecode.c.c; path = api.c; sourceTree = "<group>"; };
		85A55138164D34520038BCB6 /* dumper.c */ = {isa = PBXFileReference; fileEncoding = 4; lastKnownFileType = sourcecode.c.c; path = dumper.c; sourceTree = "<group>"; };
		85A55139164D34520038BCB6 /* emitter.c */ = {isa = PBXFileReference; fileEncoding = 4; lastKnownFileType = sourcecode.c.c; path = emitter.c; sourceTree = "<group>"; };
		85A5513A164D34520038BCB6 /* loader.c */ = {isa = PBXFileReference; fileEncoding = 4; lastKnownFileType = sourcecode.c.c; path = loader.c; sourceTree = "<group>"; };
		85A5513B164D34520038BCB6 /* parser.c */ = {isa = PBXFileReference; fileEncoding = 4; lastKnownFileType = sourcecode.c.c; path = parser.c; sourceTree = "<group>"; };
		85A5513C164D34520038BCB6 /* reader.c */ = {isa = PBXFileReference; fileEncoding = 4; lastKnownFileType = sourcecode.c.c; path = reader.c; sourceTree = "<group>"; };
		85A5513D164D34520038BCB6 /* scanner.c */ = {isa = PBXFileReference; fileEncoding = 4; lastKnownFileType = sourcecode.c.c; path = scanner.c; sourceTree = "<group>"; };
		85A5513E164D34520038BCB6 /* writer.c */ = {isa = PBXFileReference; fileEncoding = 4; lastKnownFileType = sourcecode.c.c; path = writer.c; sourceTree = "<group>"; };
		85A5513F164D34520038BCB6 /* yaml_private.h */ = {isa = PBXFileReference; fileEncoding = 4; lastKnownFileType = sourcecode.c.h; path = yaml_private.h; sourceTree = "<group>"; };
		85A55140164D34520038BCB6 /* YAMLSerialization.h */ = {isa = PBXFileReference; fileEncoding = 4; lastKnownFileType = sourcecode.c.h; path = YAMLSerialization.h; sourceTree = "<group>"; };
		85A55141164D34520038BCB6 /* YAMLSerialization.m */ = {isa = PBXFileReference; fileEncoding = 4; lastKnownFileType = sourcecode.c.objc; path = YAMLSerialization.m; sourceTree = "<group>"; };
/* End PBXFileReference section */

/* Begin PBXFrameworksBuildPhase section */
		85A54D5E164D31A30038BCB6 /* Frameworks */ = {
			isa = PBXFrameworksBuildPhase;
			buildActionMask = 2147483647;
			files = (
				85A54D66164D31A30038BCB6 /* UIKit.framework in Frameworks */,
				85A54D68164D31A30038BCB6 /* Foundation.framework in Frameworks */,
				85A54D6A164D31A30038BCB6 /* CoreGraphics.framework in Frameworks */,
			);
			runOnlyForDeploymentPostprocessing = 0;
		};
/* End PBXFrameworksBuildPhase section */

/* Begin PBXGroup section */
		85A54D56164D31A30038BCB6 = {
			isa = PBXGroup;
			children = (
				85A550B2164D34520038BCB6 /* MBFaker */,
				85A54D6B164D31A30038BCB6 /* MBFaker Demo */,
				85A54D64164D31A30038BCB6 /* Frameworks */,
				85A54D62164D31A30038BCB6 /* Products */,
			);
			sourceTree = "<group>";
		};
		85A54D62164D31A30038BCB6 /* Products */ = {
			isa = PBXGroup;
			children = (
				85A54D61164D31A30038BCB6 /* MBFaker Demo.app */,
			);
			name = Products;
			sourceTree = "<group>";
		};
		85A54D64164D31A30038BCB6 /* Frameworks */ = {
			isa = PBXGroup;
			children = (
				85A54D65164D31A30038BCB6 /* UIKit.framework */,
				85A54D67164D31A30038BCB6 /* Foundation.framework */,
				85A54D69164D31A30038BCB6 /* CoreGraphics.framework */,
			);
			name = Frameworks;
			sourceTree = "<group>";
		};
		85A54D6B164D31A30038BCB6 /* MBFaker Demo */ = {
			isa = PBXGroup;
			children = (
				85A54D74164D31A30038BCB6 /* MBAppDelegate.h */,
				85A54D75164D31A30038BCB6 /* MBAppDelegate.m */,
				85A54D7D164D31A30038BCB6 /* MBViewController.h */,
				85A54D7E164D31A30038BCB6 /* MBViewController.m */,
				85A54D80164D31A30038BCB6 /* MBViewController.xib */,
				85A54D6C164D31A30038BCB6 /* Supporting Files */,
			);
			path = "MBFaker Demo";
			sourceTree = "<group>";
		};
		85A54D6C164D31A30038BCB6 /* Supporting Files */ = {
			isa = PBXGroup;
			children = (
				85A54D6D164D31A30038BCB6 /* MBFaker Demo-Info.plist */,
				85A54D6E164D31A30038BCB6 /* InfoPlist.strings */,
				85A54D71164D31A30038BCB6 /* main.m */,
				85A54D73164D31A30038BCB6 /* MBFaker Demo-Prefix.pch */,
				85A54D77164D31A30038BCB6 /* Default.png */,
				85A54D79164D31A30038BCB6 /* Default@2x.png */,
				85A54D7B164D31A30038BCB6 /* Default-568h@2x.png */,
			);
			name = "Supporting Files";
			sourceTree = "<group>";
		};
		85A550B2164D34520038BCB6 /* MBFaker */ = {
			isa = PBXGroup;
			children = (
				85A550B3164D34520038BCB6 /* Locales */,
				85A550C3164D34520038BCB6 /* MBFaker.h */,
				85A550C4164D34520038BCB6 /* MBFaker.m */,
				85A550C5164D34520038BCB6 /* MBFakerAddress.h */,
				85A550C6164D34520038BCB6 /* MBFakerAddress.m */,
				85A550C7164D34520038BCB6 /* MBFakerCompany.h */,
				85A550C8164D34520038BCB6 /* MBFakerCompany.m */,
				85A550C9164D34520038BCB6 /* MBFakerHelper.h */,
				85A550CA164D34520038BCB6 /* MBFakerHelper.m */,
				85A550CB164D34520038BCB6 /* MBFakerInternet.h */,
				85A550CC164D34520038BCB6 /* MBFakerInternet.m */,
				85A550CD164D34520038BCB6 /* MBFakerLorem.h */,
				85A550CE164D34520038BCB6 /* MBFakerLorem.m */,
				85A550CF164D34520038BCB6 /* MBFakerName.h */,
				85A550D0164D34520038BCB6 /* MBFakerName.m */,
				85A550D1164D34520038BCB6 /* MBFakerPhoneNumber.h */,
				85A550D2164D34520038BCB6 /* MBFakerPhoneNumber.m */,
				85A550D3164D34520038BCB6 /* yaml-0.1.3 */,
				85A55140164D34520038BCB6 /* YAMLSerialization.h */,
				85A55141164D34520038BCB6 /* YAMLSerialization.m */,
			);
			name = MBFaker;
			path = ../MBFaker;
			sourceTree = "<group>";
		};
		85A550B3164D34520038BCB6 /* Locales */ = {
			isa = PBXGroup;
			children = (
				85A550B4164D34520038BCB6 /* de-ch.yml */,
				85A550B5164D34520038BCB6 /* de.yml */,
				85A550B6164D34520038BCB6 /* en-au.yml */,
				85A550B7164D34520038BCB6 /* en-bork.yml */,
				85A550B8164D34520038BCB6 /* en-ca.yml */,
				85A550B9164D34520038BCB6 /* en-gb.yml */,
				85A550BA164D34520038BCB6 /* en-ind.yml */,
				85A550BB164D34520038BCB6 /* en-us.yml */,
				85A550BC164D34520038BCB6 /* en.yml */,
				85A550BD164D34520038BCB6 /* fr.yml */,
				85A550BE164D34520038BCB6 /* nl.yml */,
				85A550BF164D34520038BCB6 /* no-nb.yml */,
				85A550C0164D34520038BCB6 /* pl.yml */,
				85A550C1164D34520038BCB6 /* pt-br.yml */,
				85A550C2164D34520038BCB6 /* vi.yml */,
			);
			path = Locales;
			sourceTree = "<group>";
		};
		85A550D3164D34520038BCB6 /* yaml-0.1.3 */ = {
			isa = PBXGroup;
			children = (
				85A550D4164D34520038BCB6 /* config.h */,
				85A550D5164D34520038BCB6 /* doc */,
				85A55129164D34520038BCB6 /* include */,
				85A5512B164D34520038BCB6 /* LICENSE */,
				85A5512C164D34520038BCB6 /* README */,
				85A5512D164D34520038BCB6 /* src */,
			);
			path = "yaml-0.1.3";
			sourceTree = "<group>";
		};
		85A550D5164D34520038BCB6 /* doc */ = {
			isa = PBXGroup;
			children = (
				85A550D6164D34520038BCB6 /* doxygen.cfg */,
				85A550D7164D34520038BCB6 /* html */,
			);
			path = doc;
			sourceTree = "<group>";
		};
		85A550D7164D34520038BCB6 /* html */ = {
			isa = PBXGroup;
			children = (
				85A550D8164D34520038BCB6 /* annotated.html */,
				85A550D9164D34520038BCB6 /* classes.html */,
				85A550DA164D34520038BCB6 /* doxygen.css */,
				85A550DB164D34520038BCB6 /* doxygen.png */,
				85A550DC164D34520038BCB6 /* files.html */,
				85A550DD164D34520038BCB6 /* functions.html */,
				85A550DE164D34520038BCB6 /* functions_0x62.html */,
				85A550DF164D34520038BCB6 /* functions_0x63.html */,
				85A550E0164D34520038BCB6 /* functions_0x64.html */,
				85A550E1164D34520038BCB6 /* functions_0x65.html */,
				85A550E2164D34520038BCB6 /* functions_0x66.html */,
				85A550E3164D34520038BCB6 /* functions_0x68.html */,
				85A550E4164D34520038BCB6 /* functions_0x69.html */,
				85A550E5164D34520038BCB6 /* functions_0x6b.html */,
				85A550E6164D34520038BCB6 /* functions_0x6c.html */,
				85A550E7164D34520038BCB6 /* functions_0x6d.html */,
				85A550E8164D34520038BCB6 /* functions_0x6e.html */,
				85A550E9164D34520038BCB6 /* functions_0x6f.html */,
				85A550EA164D34520038BCB6 /* functions_0x70.html */,
				85A550EB164D34520038BCB6 /* functions_0x71.html */,
				85A550EC164D34520038BCB6 /* functions_0x72.html */,
				85A550ED164D34520038BCB6 /* functions_0x73.html */,
				85A550EE164D34520038BCB6 /* functions_0x74.html */,
				85A550EF164D34520038BCB6 /* functions_0x75.html */,
				85A550F0164D34520038BCB6 /* functions_0x76.html */,
				85A550F1164D34520038BCB6 /* functions_0x77.html */,
				85A550F2164D34520038BCB6 /* functions_vars.html */,
				85A550F3164D34520038BCB6 /* functions_vars_0x62.html */,
				85A550F4164D34520038BCB6 /* functions_vars_0x63.html */,
				85A550F5164D34520038BCB6 /* functions_vars_0x64.html */,
				85A550F6164D34520038BCB6 /* functions_vars_0x65.html */,
				85A550F7164D34520038BCB6 /* functions_vars_0x66.html */,
				85A550F8164D34520038BCB6 /* functions_vars_0x68.html */,
				85A550F9164D34520038BCB6 /* functions_vars_0x69.html */,
				85A550FA164D34520038BCB6 /* functions_vars_0x6b.html */,
				85A550FB164D34520038BCB6 /* functions_vars_0x6c.html */,
				85A550FC164D34520038BCB6 /* functions_vars_0x6d.html */,
				85A550FD164D34520038BCB6 /* functions_vars_0x6e.html */,
				85A550FE164D34520038BCB6 /* functions_vars_0x6f.html */,
				85A550FF164D34520038BCB6 /* functions_vars_0x70.html */,
				85A55100164D34520038BCB6 /* functions_vars_0x71.html */,
				85A55101164D34520038BCB6 /* functions_vars_0x72.html */,
				85A55102164D34520038BCB6 /* functions_vars_0x73.html */,
				85A55103164D34520038BCB6 /* functions_vars_0x74.html */,
				85A55104164D34520038BCB6 /* functions_vars_0x75.html */,
				85A55105164D34520038BCB6 /* functions_vars_0x76.html */,
				85A55106164D34520038BCB6 /* functions_vars_0x77.html */,
				85A55107164D34520038BCB6 /* globals.html */,
				85A55108164D34520038BCB6 /* globals_defs.html */,
				85A55109164D34520038BCB6 /* globals_enum.html */,
				85A5510A164D34520038BCB6 /* globals_eval.html */,
				85A5510B164D34520038BCB6 /* globals_func.html */,
				85A5510C164D34520038BCB6 /* globals_type.html */,
				85A5510D164D34520038BCB6 /* group__basic.html */,
				85A5510E164D34520038BCB6 /* group__emitter.html */,
				85A5510F164D34520038BCB6 /* group__events.html */,
				85A55110164D34520038BCB6 /* group__export.html */,
				85A55111164D34520038BCB6 /* group__nodes.html */,
				85A55112164D34520038BCB6 /* group__parser.html */,
				85A55113164D34520038BCB6 /* group__styles.html */,
				85A55114164D34520038BCB6 /* group__tokens.html */,
				85A55115164D34520038BCB6 /* group__version.html */,
				85A55116164D34520038BCB6 /* index.html */,
				85A55117164D34520038BCB6 /* modules.html */,
				85A55118164D34520038BCB6 /* structyaml__alias__data__s.html */,
				85A55119164D34520038BCB6 /* structyaml__document__s.html */,
				85A5511A164D34520038BCB6 /* structyaml__emitter__s.html */,
				85A5511B164D34520038BCB6 /* structyaml__event__s.html */,
				85A5511C164D34520038BCB6 /* structyaml__mark__s.html */,
				85A5511D164D34520038BCB6 /* structyaml__node__pair__s.html */,
				85A5511E164D34520038BCB6 /* structyaml__node__s.html */,
				85A5511F164D34520038BCB6 /* structyaml__parser__s.html */,
				85A55120164D34520038BCB6 /* structyaml__simple__key__s.html */,
				85A55121164D34520038BCB6 /* structyaml__tag__directive__s.html */,
				85A55122164D34520038BCB6 /* structyaml__token__s.html */,
				85A55123164D34520038BCB6 /* structyaml__version__directive__s.html */,
				85A55124164D34520038BCB6 /* tab_b.gif */,
				85A55125164D34520038BCB6 /* tab_l.gif */,
				85A55126164D34520038BCB6 /* tab_r.gif */,
				85A55127164D34520038BCB6 /* tabs.css */,
				85A55128164D34520038BCB6 /* yaml_8h.html */,
			);
			path = html;
			sourceTree = "<group>";
		};
		85A55129164D34520038BCB6 /* include */ = {
			isa = PBXGroup;
			children = (
				85A5512A164D34520038BCB6 /* yaml.h */,
			);
			path = include;
			sourceTree = "<group>";
		};
		85A5512D164D34520038BCB6 /* src */ = {
			isa = PBXGroup;
			children = (
				85A5512E164D34520038BCB6 /* .deps */,
				85A55137164D34520038BCB6 /* api.c */,
				85A55138164D34520038BCB6 /* dumper.c */,
				85A55139164D34520038BCB6 /* emitter.c */,
				85A5513A164D34520038BCB6 /* loader.c */,
				85A5513B164D34520038BCB6 /* parser.c */,
				85A5513C164D34520038BCB6 /* reader.c */,
				85A5513D164D34520038BCB6 /* scanner.c */,
				85A5513E164D34520038BCB6 /* writer.c */,
				85A5513F164D34520038BCB6 /* yaml_private.h */,
			);
			path = src;
			sourceTree = "<group>";
		};
		85A5512E164D34520038BCB6 /* .deps */ = {
			isa = PBXGroup;
			children = (
				85A5512F164D34520038BCB6 /* api.Plo */,
				85A55130164D34520038BCB6 /* dumper.Plo */,
				85A55131164D34520038BCB6 /* emitter.Plo */,
				85A55132164D34520038BCB6 /* loader.Plo */,
				85A55133164D34520038BCB6 /* parser.Plo */,
				85A55134164D34520038BCB6 /* reader.Plo */,
				85A55135164D34520038BCB6 /* scanner.Plo */,
				85A55136164D34520038BCB6 /* writer.Plo */,
			);
			path = .deps;
			sourceTree = "<group>";
		};
/* End PBXGroup section */

/* Begin PBXNativeTarget section */
		85A54D60164D31A30038BCB6 /* MBFaker Demo */ = {
			isa = PBXNativeTarget;
			buildConfigurationList = 85A54D85164D31A30038BCB6 /* Build configuration list for PBXNativeTarget "MBFaker Demo" */;
			buildPhases = (
				85A54D5D164D31A30038BCB6 /* Sources */,
				85A54D5E164D31A30038BCB6 /* Frameworks */,
				85A54D5F164D31A30038BCB6 /* Resources */,
			);
			buildRules = (
			);
			dependencies = (
			);
			name = "MBFaker Demo";
			productName = "MBFaker Demo";
			productReference = 85A54D61164D31A30038BCB6 /* MBFaker Demo.app */;
			productType = "com.apple.product-type.application";
		};
/* End PBXNativeTarget section */

/* Begin PBXProject section */
		85A54D58164D31A30038BCB6 /* Project object */ = {
			isa = PBXProject;
			attributes = {
				CLASSPREFIX = MB;
				LastUpgradeCheck = 0450;
				ORGANIZATIONNAME = "Michał Banasiak";
			};
			buildConfigurationList = 85A54D5B164D31A30038BCB6 /* Build configuration list for PBXProject "MBFaker Demo" */;
			compatibilityVersion = "Xcode 3.2";
			developmentRegion = English;
			hasScannedForEncodings = 0;
			knownRegions = (
				en,
			);
			mainGroup = 85A54D56164D31A30038BCB6;
			productRefGroup = 85A54D62164D31A30038BCB6 /* Products */;
			projectDirPath = "";
			projectRoot = "";
			targets = (
				85A54D60164D31A30038BCB6 /* MBFaker Demo */,
			);
		};
/* End PBXProject section */

/* Begin PBXResourcesBuildPhase section */
		85A54D5F164D31A30038BCB6 /* Resources */ = {
			isa = PBXResourcesBuildPhase;
			buildActionMask = 2147483647;
			files = (
				85A54D70164D31A30038BCB6 /* InfoPlist.strings in Resources */,
				85A54D78164D31A30038BCB6 /* Default.png in Resources */,
				85A54D7A164D31A30038BCB6 /* Default@2x.png in Resources */,
				85A54D7C164D31A30038BCB6 /* Default-568h@2x.png in Resources */,
				85A54D82164D31A30038BCB6 /* MBViewController.xib in Resources */,
				85A55142164D34520038BCB6 /* de-ch.yml in Resources */,
				85A55143164D34520038BCB6 /* de.yml in Resources */,
				85A55144164D34520038BCB6 /* en-au.yml in Resources */,
				85A55145164D34520038BCB6 /* en-bork.yml in Resources */,
				85A55146164D34520038BCB6 /* en-ca.yml in Resources */,
				85A55147164D34520038BCB6 /* en-gb.yml in Resources */,
				85A55148164D34520038BCB6 /* en-ind.yml in Resources */,
				85A55149164D34520038BCB6 /* en-us.yml in Resources */,
				85A5514A164D34520038BCB6 /* en.yml in Resources */,
				85A5514B164D34520038BCB6 /* fr.yml in Resources */,
				85A5514C164D34520038BCB6 /* nl.yml in Resources */,
				85A5514D164D34520038BCB6 /* no-nb.yml in Resources */,
				85A5514E164D34520038BCB6 /* pl.yml in Resources */,
				85A5514F164D34520038BCB6 /* pt-br.yml in Resources */,
				85A55150164D34520038BCB6 /* vi.yml in Resources */,
				85A55159164D34520038BCB6 /* doxygen.cfg in Resources */,
				85A5515A164D34520038BCB6 /* annotated.html in Resources */,
				85A5515B164D34520038BCB6 /* classes.html in Resources */,
				85A5515C164D34520038BCB6 /* doxygen.css in Resources */,
				85A5515D164D34520038BCB6 /* doxygen.png in Resources */,
				85A5515E164D34520038BCB6 /* files.html in Resources */,
				85A5515F164D34520038BCB6 /* functions.html in Resources */,
				85A55160164D34520038BCB6 /* functions_0x62.html in Resources */,
				85A55161164D34520038BCB6 /* functions_0x63.html in Resources */,
				85A55162164D34520038BCB6 /* functions_0x64.html in Resources */,
				85A55163164D34520038BCB6 /* functions_0x65.html in Resources */,
				85A55164164D34520038BCB6 /* functions_0x66.html in Resources */,
				85A55165164D34520038BCB6 /* functions_0x68.html in Resources */,
				85A55166164D34520038BCB6 /* functions_0x69.html in Resources */,
				85A55167164D34520038BCB6 /* functions_0x6b.html in Resources */,
				85A55168164D34520038BCB6 /* functions_0x6c.html in Resources */,
				85A55169164D34520038BCB6 /* functions_0x6d.html in Resources */,
				85A5516A164D34520038BCB6 /* functions_0x6e.html in Resources */,
				85A5516B164D34520038BCB6 /* functions_0x6f.html in Resources */,
				85A5516C164D34520038BCB6 /* functions_0x70.html in Resources */,
				85A5516D164D34520038BCB6 /* functions_0x71.html in Resources */,
				85A5516E164D34520038BCB6 /* functions_0x72.html in Resources */,
				85A5516F164D34520038BCB6 /* functions_0x73.html in Resources */,
				85A55170164D34520038BCB6 /* functions_0x74.html in Resources */,
				85A55171164D34520038BCB6 /* functions_0x75.html in Resources */,
				85A55172164D34520038BCB6 /* functions_0x76.html in Resources */,
				85A55173164D34520038BCB6 /* functions_0x77.html in Resources */,
				85A55174164D34520038BCB6 /* functions_vars.html in Resources */,
				85A55175164D34520038BCB6 /* functions_vars_0x62.html in Resources */,
				85A55176164D34520038BCB6 /* functions_vars_0x63.html in Resources */,
				85A55177164D34520038BCB6 /* functions_vars_0x64.html in Resources */,
				85A55178164D34520038BCB6 /* functions_vars_0x65.html in Resources */,
				85A55179164D34520038BCB6 /* functions_vars_0x66.html in Resources */,
				85A5517A164D34520038BCB6 /* functions_vars_0x68.html in Resources */,
				85A5517B164D34520038BCB6 /* functions_vars_0x69.html in Resources */,
				85A5517C164D34520038BCB6 /* functions_vars_0x6b.html in Resources */,
				85A5517D164D34520038BCB6 /* functions_vars_0x6c.html in Resources */,
				85A5517E164D34520038BCB6 /* functions_vars_0x6d.html in Resources */,
				85A5517F164D34520038BCB6 /* functions_vars_0x6e.html in Resources */,
				85A55180164D34520038BCB6 /* functions_vars_0x6f.html in Resources */,
				85A55181164D34520038BCB6 /* functions_vars_0x70.html in Resources */,
				85A55182164D34520038BCB6 /* functions_vars_0x71.html in Resources */,
				85A55183164D34520038BCB6 /* functions_vars_0x72.html in Resources */,
				85A55184164D34520038BCB6 /* functions_vars_0x73.html in Resources */,
				85A55185164D34520038BCB6 /* functions_vars_0x74.html in Resources */,
				85A55186164D34520038BCB6 /* functions_vars_0x75.html in Resources */,
				85A55187164D34520038BCB6 /* functions_vars_0x76.html in Resources */,
				85A55188164D34520038BCB6 /* functions_vars_0x77.html in Resources */,
				85A55189164D34520038BCB6 /* globals.html in Resources */,
				85A5518A164D34520038BCB6 /* globals_defs.html in Resources */,
				85A5518B164D34520038BCB6 /* globals_enum.html in Resources */,
				85A5518C164D34520038BCB6 /* globals_eval.html in Resources */,
				85A5518D164D34520038BCB6 /* globals_func.html in Resources */,
				85A5518E164D34520038BCB6 /* globals_type.html in Resources */,
				85A5518F164D34520038BCB6 /* group__basic.html in Resources */,
				85A55190164D34520038BCB6 /* group__emitter.html in Resources */,
				85A55191164D34520038BCB6 /* group__events.html in Resources */,
				85A55192164D34520038BCB6 /* group__export.html in Resources */,
				85A55193164D34520038BCB6 /* group__nodes.html in Resources */,
				85A55194164D34520038BCB6 /* group__parser.html in Resources */,
				85A55195164D34520038BCB6 /* group__styles.html in Resources */,
				85A55196164D34520038BCB6 /* group__tokens.html in Resources */,
				85A55197164D34520038BCB6 /* group__version.html in Resources */,
				85A55198164D34520038BCB6 /* index.html in Resources */,
				85A55199164D34520038BCB6 /* modules.html in Resources */,
				85A5519A164D34520038BCB6 /* structyaml__alias__data__s.html in Resources */,
				85A5519B164D34520038BCB6 /* structyaml__document__s.html in Resources */,
				85A5519C164D34520038BCB6 /* structyaml__emitter__s.html in Resources */,
				85A5519D164D34520038BCB6 /* structyaml__event__s.html in Resources */,
				85A5519E164D34520038BCB6 /* structyaml__mark__s.html in Resources */,
				85A5519F164D34520038BCB6 /* structyaml__node__pair__s.html in Resources */,
				85A551A0164D34520038BCB6 /* structyaml__node__s.html in Resources */,
				85A551A1164D34520038BCB6 /* structyaml__parser__s.html in Resources */,
				85A551A2164D34520038BCB6 /* structyaml__simple__key__s.html in Resources */,
				85A551A3164D34520038BCB6 /* structyaml__tag__directive__s.html in Resources */,
				85A551A4164D34520038BCB6 /* structyaml__token__s.html in Resources */,
				85A551A5164D34520038BCB6 /* structyaml__version__directive__s.html in Resources */,
				85A551A6164D34520038BCB6 /* tab_b.gif in Resources */,
				85A551A7164D34520038BCB6 /* tab_l.gif in Resources */,
				85A551A8164D34520038BCB6 /* tab_r.gif in Resources */,
				85A551A9164D34520038BCB6 /* tabs.css in Resources */,
				85A551AA164D34520038BCB6 /* yaml_8h.html in Resources */,
				85A551AB164D34520038BCB6 /* LICENSE in Resources */,
				85A551AC164D34520038BCB6 /* README in Resources */,
				85A551AD164D34520038BCB6 /* api.Plo in Resources */,
				85A551AE164D34520038BCB6 /* dumper.Plo in Resources */,
				85A551AF164D34520038BCB6 /* emitter.Plo in Resources */,
				85A551B0164D34520038BCB6 /* loader.Plo in Resources */,
				85A551B1164D34520038BCB6 /* parser.Plo in Resources */,
				85A551B2164D34520038BCB6 /* reader.Plo in Resources */,
				85A551B3164D34520038BCB6 /* scanner.Plo in Resources */,
				85A551B4164D34520038BCB6 /* writer.Plo in Resources */,
			);
			runOnlyForDeploymentPostprocessing = 0;
		};
/* End PBXResourcesBuildPhase section */

/* Begin PBXSourcesBuildPhase section */
		85A54D5D164D31A30038BCB6 /* Sources */ = {
			isa = PBXSourcesBuildPhase;
			buildActionMask = 2147483647;
			files = (
				85A54D72164D31A30038BCB6 /* main.m in Sources */,
				85A54D76164D31A30038BCB6 /* MBAppDelegate.m in Sources */,
				85A54D7F164D31A30038BCB6 /* MBViewController.m in Sources */,
				85A55151164D34520038BCB6 /* MBFaker.m in Sources */,
				85A55152164D34520038BCB6 /* MBFakerAddress.m in Sources */,
				85A55153164D34520038BCB6 /* MBFakerCompany.m in Sources */,
				85A55154164D34520038BCB6 /* MBFakerHelper.m in Sources */,
				85A55155164D34520038BCB6 /* MBFakerInternet.m in Sources */,
				85A55156164D34520038BCB6 /* MBFakerLorem.m in Sources */,
				85A55157164D34520038BCB6 /* MBFakerName.m in Sources */,
				85A55158164D34520038BCB6 /* MBFakerPhoneNumber.m in Sources */,
				85A551B5164D34520038BCB6 /* api.c in Sources */,
				85A551B6164D34520038BCB6 /* dumper.c in Sources */,
				85A551B7164D34520038BCB6 /* emitter.c in Sources */,
				85A551B8164D34520038BCB6 /* loader.c in Sources */,
				85A551B9164D34520038BCB6 /* parser.c in Sources */,
				85A551BA164D34520038BCB6 /* reader.c in Sources */,
				85A551BB164D34520038BCB6 /* scanner.c in Sources */,
				85A551BC164D34520038BCB6 /* writer.c in Sources */,
				85A551BD164D34520038BCB6 /* YAMLSerialization.m in Sources */,
			);
			runOnlyForDeploymentPostprocessing = 0;
		};
/* End PBXSourcesBuildPhase section */

/* Begin PBXVariantGroup section */
		85A54D6E164D31A30038BCB6 /* InfoPlist.strings */ = {
			isa = PBXVariantGroup;
			children = (
				85A54D6F164D31A30038BCB6 /* en */,
			);
			name = InfoPlist.strings;
			sourceTree = "<group>";
		};
		85A54D80164D31A30038BCB6 /* MBViewController.xib */ = {
			isa = PBXVariantGroup;
			children = (
				85A54D81164D31A30038BCB6 /* en */,
			);
			name = MBViewController.xib;
			sourceTree = "<group>";
		};
/* End PBXVariantGroup section */

/* Begin XCBuildConfiguration section */
		85A54D83164D31A30038BCB6 /* Debug */ = {
			isa = XCBuildConfiguration;
			buildSettings = {
				ALWAYS_SEARCH_USER_PATHS = NO;
				CLANG_CXX_LANGUAGE_STANDARD = "gnu++0x";
				CLANG_CXX_LIBRARY = "libc++";
				CLANG_WARN_EMPTY_BODY = YES;
				CLANG_WARN__DUPLICATE_METHOD_MATCH = YES;
				"CODE_SIGN_IDENTITY[sdk=iphoneos*]" = "iPhone Developer";
				COPY_PHASE_STRIP = NO;
				GCC_C_LANGUAGE_STANDARD = gnu99;
				GCC_DYNAMIC_NO_PIC = NO;
				GCC_OPTIMIZATION_LEVEL = 0;
				GCC_PREPROCESSOR_DEFINITIONS = (
					"DEBUG=1",
					"$(inherited)",
				);
				GCC_SYMBOLS_PRIVATE_EXTERN = NO;
				GCC_WARN_ABOUT_RETURN_TYPE = YES;
				GCC_WARN_UNINITIALIZED_AUTOS = YES;
				GCC_WARN_UNUSED_VARIABLE = YES;
				IPHONEOS_DEPLOYMENT_TARGET = 6.0;
				SDKROOT = iphoneos;
			};
			name = Debug;
		};
		85A54D84164D31A30038BCB6 /* Release */ = {
			isa = XCBuildConfiguration;
			buildSettings = {
				ALWAYS_SEARCH_USER_PATHS = NO;
				CLANG_CXX_LANGUAGE_STANDARD = "gnu++0x";
				CLANG_CXX_LIBRARY = "libc++";
				CLANG_WARN_EMPTY_BODY = YES;
				CLANG_WARN__DUPLICATE_METHOD_MATCH = YES;
				"CODE_SIGN_IDENTITY[sdk=iphoneos*]" = "iPhone Developer";
				COPY_PHASE_STRIP = YES;
				GCC_C_LANGUAGE_STANDARD = gnu99;
				GCC_WARN_ABOUT_RETURN_TYPE = YES;
				GCC_WARN_UNINITIALIZED_AUTOS = YES;
				GCC_WARN_UNUSED_VARIABLE = YES;
				IPHONEOS_DEPLOYMENT_TARGET = 6.0;
				OTHER_CFLAGS = "-DNS_BLOCK_ASSERTIONS=1";
				SDKROOT = iphoneos;
				VALIDATE_PRODUCT = YES;
			};
			name = Release;
		};
		85A54D86164D31A30038BCB6 /* Debug */ = {
			isa = XCBuildConfiguration;
			buildSettings = {
				FRAMEWORK_SEARCH_PATHS = (
					"$(inherited)",
					"\"$(SRCROOT)/../MBFaker\"",
					"\"$(SRCROOT)/MBFaker\"",
				);
				GCC_PRECOMPILE_PREFIX_HEADER = YES;
				GCC_PREFIX_HEADER = "MBFaker Demo/MBFaker Demo-Prefix.pch";
				INFOPLIST_FILE = "MBFaker Demo/MBFaker Demo-Info.plist";
				PRODUCT_NAME = "$(TARGET_NAME)";
				WRAPPER_EXTENSION = app;
			};
			name = Debug;
		};
		85A54D87164D31A30038BCB6 /* Release */ = {
			isa = XCBuildConfiguration;
			buildSettings = {
				FRAMEWORK_SEARCH_PATHS = (
					"$(inherited)",
					"\"$(SRCROOT)/../MBFaker\"",
					"\"$(SRCROOT)/MBFaker\"",
				);
				GCC_PRECOMPILE_PREFIX_HEADER = YES;
				GCC_PREFIX_HEADER = "MBFaker Demo/MBFaker Demo-Prefix.pch";
				INFOPLIST_FILE = "MBFaker Demo/MBFaker Demo-Info.plist";
				PRODUCT_NAME = "$(TARGET_NAME)";
				WRAPPER_EXTENSION = app;
			};
			name = Release;
		};
/* End XCBuildConfiguration section */

/* Begin XCConfigurationList section */
		85A54D5B164D31A30038BCB6 /* Build configuration list for PBXProject "MBFaker Demo" */ = {
			isa = XCConfigurationList;
			buildConfigurations = (
				85A54D83164D31A30038BCB6 /* Debug */,
				85A54D84164D31A30038BCB6 /* Release */,
			);
			defaultConfigurationIsVisible = 0;
			defaultConfigurationName = Release;
		};
		85A54D85164D31A30038BCB6 /* Build configuration list for PBXNativeTarget "MBFaker Demo" */ = {
			isa = XCConfigurationList;
			buildConfigurations = (
				85A54D86164D31A30038BCB6 /* Debug */,
				85A54D87164D31A30038BCB6 /* Release */,
			);
			defaultConfigurationIsVisible = 0;
		};
/* End XCConfigurationList section */
	};
	rootObject = 85A54D58164D31A30038BCB6 /* Project object */;
}
